
Microsoft Visual Studio Solution File, Format Version 12.00
# Visual Studio Version 16
VisualStudioVersion = 16.0.32106.194
MinimumVisualStudioVersion = 10.0.40219.1
Project("{FAE04EC0-301F-11D3-BF4B-00C04F79EFBC}") = "Login.Android", "Login.Android\Login.Android.csproj", "{1EA33813-3731-4238-A684-EDDA3BBEB7CC}"
EndProject
Project("{FAE04EC0-301F-11D3-BF4B-00C04F79EFBC}") = "Login.iOS", "Login.iOS\Login.iOS.csproj", "{2F4E6A07-188C-4E87-8244-46ACE6834A53}"
EndProject
Project("{FAE04EC0-301F-11D3-BF4B-00C04F79EFBC}") = "Login", "Login\Login.csproj", "{41D2FB09-5288-45E0-AD6E-E1DD62F9F7A8}"
EndProject
Global
	GlobalSection(SolutionConfigurationPlatforms) = preSolution
		Debug|Any CPU = Debug|Any CPU
		Debug|iPhone = Debug|iPhone
		Debug|iPhoneSimulator = Debug|iPhoneSimulator
		Release|Any CPU = Release|Any CPU
		Release|iPhone = Release|iPhone
		Release|iPhoneSimulator = Release|iPhoneSimulator
	EndGlobalSection
	GlobalSection(ProjectConfigurationPlatforms) = postSolution
		{1EA33813-3731-4238-A684-EDDA3BBEB7CC}.Debug|Any CPU.ActiveCfg = Debug|Any CPU
		{1EA33813-3731-4238-A684-EDDA3BBEB7CC}.Debug|Any CPU.Build.0 = Debug|Any CPU
		{1EA33813-3731-4238-A684-EDDA3BBEB7CC}.Debug|Any CPU.Deploy.0 = Debug|Any CPU
		{1EA33813-3731-4238-A684-EDDA3BBEB7CC}.Debug|iPhone.ActiveCfg = Debug|Any CPU
		{1EA33813-3731-4238-A684-EDDA3BBEB7CC}.Debug|iPhone.Build.0 = Debug|Any CPU
		{1EA33813-3731-4238-A684-EDDA3BBEB7CC}.Debug|iPhone.Deploy.0 = Debug|Any CPU
		{1EA33813-3731-4238-A684-EDDA3BBEB7CC}.Debug|iPhoneSimulator.ActiveCfg = Debug|Any CPU
		{1EA33813-3731-4238-A684-EDDA3BBEB7CC}.Debug|iPhoneSimulator.Build.0 = Debug|Any CPU
		{1EA33813-3731-4238-A684-EDDA3BBEB7CC}.Debug|iPhoneSimulator.Deploy.0 = Debug|Any CPU
		{1EA33813-3731-4238-A684-EDDA3BBEB7CC}.Release|Any CPU.ActiveCfg = Release|Any CPU
		{1EA33813-3731-4238-A684-EDDA3BBEB7CC}.Release|Any CPU.Build.0 = Release|Any CPU
		{1EA33813-3731-4238-A684-EDDA3BBEB7CC}.Release|Any CPU.Deploy.0 = Release|Any CPU
		{1EA33813-3731-4238-A684-EDDA3BBEB7CC}.Release|iPhone.ActiveCfg = Release|Any CPU
		{1EA33813-3731-4238-A684-EDDA3BBEB7CC}.Release|iPhone.Build.0 = Release|Any CPU
		{1EA33813-3731-4238-A684-EDDA3BBEB7CC}.Release|iPhone.Deploy.0 = Release|Any CPU
		{1EA33813-3731-4238-A684-EDDA3BBEB7CC}.Release|iPhoneSimulator.ActiveCfg = Release|Any CPU
		{1EA33813-3731-4238-A684-EDDA3BBEB7CC}.Release|iPhoneSimulator.Build.0 = Release|Any CPU
		{1EA33813-3731-4238-A684-EDDA3BBEB7CC}.Release|iPhoneSimulator.Deploy.0 = Release|Any CPU
		{2F4E6A07-188C-4E87-8244-46ACE6834A53}.Debug|Any CPU.ActiveCfg = Debug|iPhone
		{2F4E6A07-188C-4E87-8244-46ACE6834A53}.Debug|Any CPU.Build.0 = Debug|iPhone
		{2F4E6A07-188C-4E87-8244-46ACE6834A53}.Debug|Any CPU.Deploy.0 = Debug|iPhone
		{2F4E6A07-188C-4E87-8244-46ACE6834A53}.Debug|iPhone.ActiveCfg = Debug|iPhone
		{2F4E6A07-188C-4E87-8244-46ACE6834A53}.Debug|iPhone.Build.0 = Debug|iPhone
		{2F4E6A07-188C-4E87-8244-46ACE6834A53}.Debug|iPhone.Deploy.0 = Debug|iPhone
		{2F4E6A07-188C-4E87-8244-46ACE6834A53}.Debug|iPhoneSimulator.ActiveCfg = Debug|iPhoneSimulator
		{2F4E6A07-188C-4E87-8244-46ACE6834A53}.Debug|iPhoneSimulator.Build.0 = Debug|iPhoneSimulator
		{2F4E6A07-188C-4E87-8244-46ACE6834A53}.Debug|iPhoneSimulator.Deploy.0 = Debug|iPhoneSimulator
		{2F4E6A07-188C-4E87-8244-46ACE6834A53}.Release|Any CPU.ActiveCfg = Release|iPhoneSimulator
		{2F4E6A07-188C-4E87-8244-46ACE6834A53}.Release|Any CPU.Build.0 = Release|iPhoneSimulator
		{2F4E6A07-188C-4E87-8244-46ACE6834A53}.Release|Any CPU.Deploy.0 = Release|iPhoneSimulator
		{2F4E6A07-188C-4E87-8244-46ACE6834A53}.Release|iPhone.ActiveCfg = Release|iPhone
		{2F4E6A07-188C-4E87-8244-46ACE6834A53}.Release|iPhone.Build.0 = Release|iPhone
		{2F4E6A07-188C-4E87-8244-46ACE6834A53}.Release|iPhone.Deploy.0 = Release|iPhone
		{2F4E6A07-188C-4E87-8244-46ACE6834A53}.Release|iPhoneSimulator.ActiveCfg = Release|iPhoneSimulator
		{2F4E6A07-188C-4E87-8244-46ACE6834A53}.Release|iPhoneSimulator.Build.0 = Release|iPhoneSimulator
		{2F4E6A07-188C-4E87-8244-46ACE6834A53}.Release|iPhoneSimulator.Deploy.0 = Release|iPhoneSimulator
		{41D2FB09-5288-45E0-AD6E-E1DD62F9F7A8}.Debug|Any CPU.ActiveCfg = Debug|Any CPU
		{41D2FB09-5288-45E0-AD6E-E1DD62F9F7A8}.Debug|Any CPU.Build.0 = Debug|Any CPU
		{41D2FB09-5288-45E0-AD6E-E1DD62F9F7A8}.Debug|Any CPU.Deploy.0 = Debug|Any CPU
		{41D2FB09-5288-45E0-AD6E-E1DD62F9F7A8}.Debug|iPhone.ActiveCfg = Debug|Any CPU
		{41D2FB09-5288-45E0-AD6E-E1DD62F9F7A8}.Debug|iPhone.Build.0 = Debug|Any CPU
		{41D2FB09-5288-45E0-AD6E-E1DD62F9F7A8}.Debug|iPhone.Deploy.0 = Debug|Any CPU
		{41D2FB09-5288-45E0-AD6E-E1DD62F9F7A8}.Debug|iPhoneSimulator.ActiveCfg = Debug|Any CPU
		{41D2FB09-5288-45E0-AD6E-E1DD62F9F7A8}.Debug|iPhoneSimulator.Build.0 = Debug|Any CPU
		{41D2FB09-5288-45E0-AD6E-E1DD62F9F7A8}.Debug|iPhoneSimulator.Deploy.0 = Debug|Any CPU
		{41D2FB09-5288-45E0-AD6E-E1DD62F9F7A8}.Release|Any CPU.ActiveCfg = Release|Any CPU
		{41D2FB09-5288-45E0-AD6E-E1DD62F9F7A8}.Release|Any CPU.Build.0 = Release|Any CPU
		{41D2FB09-5288-45E0-AD6E-E1DD62F9F7A8}.Release|Any CPU.Deploy.0 = Release|Any CPU
		{41D2FB09-5288-45E0-AD6E-E1DD62F9F7A8}.Release|iPhone.ActiveCfg = Release|Any CPU
		{41D2FB09-5288-45E0-AD6E-E1DD62F9F7A8}.Release|iPhone.Build.0 = Release|Any CPU
		{41D2FB09-5288-45E0-AD6E-E1DD62F9F7A8}.Release|iPhone.Deploy.0 = Release|Any CPU
		{41D2FB09-5288-45E0-AD6E-E1DD62F9F7A8}.Release|iPhoneSimulator.ActiveCfg = Release|Any CPU
		{41D2FB09-5288-45E0-AD6E-E1DD62F9F7A8}.Release|iPhoneSimulator.Build.0 = Release|Any CPU
		{41D2FB09-5288-45E0-AD6E-E1DD62F9F7A8}.Release|iPhoneSimulator.Deploy.0 = Release|Any CPU
	EndGlobalSection
	GlobalSection(SolutionProperties) = preSolution
		HideSolutionNode = FALSE
	EndGlobalSection
	GlobalSection(ExtensibilityGlobals) = postSolution
		SolutionGuid = {FE95B592-2D6A-4761-9699-B3B2795359EC}
	EndGlobalSection
EndGlobal
